{
	"name": "application",
	"version": "0.1.0",
	"lockfileVersion": 1,
	"requires": true,
	"dependencies": {
		"@types/prop-types": {
			"version": "15.5.6",
			"resolved": "https://registry.npmjs.org/@types/prop-types/-/prop-types-15.5.6.tgz",
			"integrity": "sha512-ZBFR7TROLVzCkswA3Fmqq+IIJt62/T7aY/Dmz+QkU7CaW2QFqAitCE8Ups7IzmGhcN1YWMBT4Qcoc07jU9hOJQ==",
			"dev": true
		},
		"@types/react": {
			"version": "16.4.18",
			"resolved": "https://registry.npmjs.org/@types/react/-/react-16.4.18.tgz",
			"integrity": "sha512-eFzJKEg6pdeaukVLVZ8Xb79CTl/ysX+ExmOfAAqcFlCCK5TgFDD9kWR0S18sglQ3EmM8U+80enjUqbfnUyqpdA==",
			"dev": true,
			"requires": {
				"@types/prop-types": "*",
				"csstype": "^2.2.0"
			}
		},
		"@types/react-visibility-sensor": {
			"version": "3.11.0",
			"resolved": "https://registry.npmjs.org/@types/react-visibility-sensor/-/react-visibility-sensor-3.11.0.tgz",
			"integrity": "sha512-a5T4bW3tIUkZM8L9CA92nRJzMARRw+aqSs7r2dv8K1NZA1Pot7mHhAUgaKLlrCPZeZ7LynQXIQJhbMiQsZdkGw==",
			"dev": true,
			"requires": {
				"@types/react": "*"
			}
		},
		"csstype": {
			"version": "2.5.7",
			"resolved": "https://registry.npmjs.org/csstype/-/csstype-2.5.7.tgz",
			"integrity": "sha512-Nt5VDyOTIIV4/nRFswoCKps1R5CD1hkiyjBE9/thNaNZILLEviVw9yWQw15+O+CpNjQKB/uvdcxFFOrSflY3Yw==",
			"dev": true
		},
		"glipdown": {
			"version": "0.0.54",
			"resolved": "https://registry.npmjs.org/glipdown/-/glipdown-0.0.54.tgz",
			"integrity": "sha512-DNBqpWG8BD61dAJDTvjpdBuLVW5NiKG5yq7cRM0i6S+02qEOJgh5tkwrq3UlED0RLa6ih3ps5do9Jk4FX2FFhQ==",
			"requires": {
				"underscore": "1.5.x"
			},
			"dependencies": {
				"underscore": {
					"version": "1.5.2",
					"resolved": "https://registry.npmjs.org/underscore/-/underscore-1.5.2.tgz",
					"integrity": "sha1-EzXF5PXm0zu7SwBrqMhqAPVW3gg="
				}
			}
		},
		"typeface-roboto": {
			"version": "0.0.54",
			"resolved": "https://registry.npmjs.org/typeface-roboto/-/typeface-roboto-0.0.54.tgz",
			"integrity": "sha512-sOFA1FXgP0gOgBYlS6irwq6hHYA370KE3dPlgYEJHL3PJd5X8gQE0RmL79ONif6fL5JZuGDj+rtOrFeOqz5IZQ=="
		}
	}
}
