{
	"name": "application",
	"version": "1.2.1",
	"lockfileVersion": 1,
	"requires": true,
	"dependencies": {
		"asap": {
			"version": "2.0.6",
			"resolved": "https://registry.npmjs.org/asap/-/asap-2.0.6.tgz",
			"integrity": "sha1-5QNHYR1+aQlDIIu9r+vLwvuGbUY="
		},
		"dezalgo": {
			"version": "1.0.3",
			"resolved": "https://registry.npmjs.org/dezalgo/-/dezalgo-1.0.3.tgz",
			"integrity": "sha1-f3Qt4Gb8dIvI24IFad3c5Jvw1FY=",
			"requires": {
				"asap": "^2.0.0",
				"wrappy": "1"
			}
		},
		"is-obj": {
			"version": "1.0.1",
			"resolved": "https://registry.npmjs.org/is-obj/-/is-obj-1.0.1.tgz",
			"integrity": "sha1-PkcprB9f3gJc19g6iW2rn09n2w8="
		},
		"json-stringify-safe": {
			"version": "5.0.1",
			"resolved": "https://registry.npmjs.org/json-stringify-safe/-/json-stringify-safe-5.0.1.tgz",
			"integrity": "sha1-Epai1Y/UXxmg9s4B1lcB4sc1tus="
		},
		"load-segment": {
			"version": "git+ssh://git@git.ringcentral.com:Fiji/segment.git#575778f65e044d8aefcde19f409d3abd2d04f0b7",
			"from": "git+ssh://git@git.ringcentral.com:Fiji/segment.git",
			"requires": {
				"ap": "~0.2.0",
				"assert-ok": "~1.0.0",
				"lazy-async": "~1.0.1",
				"load-script-global": "~1.0.1"
			},
			"dependencies": {
				"ap": {
					"version": "0.2.0",
					"resolved": "https://registry.npmjs.org/ap/-/ap-0.2.0.tgz",
					"integrity": "sha1-rglCYAspkS8NKxTsYMRejzMLYRA="
				},
				"array-last": {
					"version": "1.0.2",
					"resolved": "https://registry.npmjs.org/array-last/-/array-last-1.0.2.tgz",
					"integrity": "sha1-pgJOsMCM0jCUr6Zlqed67GyS23Q=",
					"requires": {
						"array-slice": "^0.2.2",
						"is-number": "^0.1.1"
					}
				},
				"array-slice": {
					"version": "0.2.3",
					"resolved": "https://registry.npmjs.org/array-slice/-/array-slice-0.2.3.tgz",
					"integrity": "sha1-3Tz7gO15c6dRF82sabC5nshhhvU="
				},
				"assert-equal": {
					"version": "1.0.0",
					"resolved": "https://registry.npmjs.org/assert-equal/-/assert-equal-1.0.0.tgz",
					"integrity": "sha1-Om7y/ICgpM8pZ+aKvM0Do4YNoYk=",
					"requires": {
						"assert-ok": "~1.0.0",
						"print-value": "~1.0.0",
						"simple-format": "~1.0.0"
					}
				},
				"assert-function": {
					"version": "1.0.0",
					"resolved": "https://registry.npmjs.org/assert-function/-/assert-function-1.0.0.tgz",
					"integrity": "sha1-rrKtD+AIiLQSVKjjk0pWKWjXeQU="
				},
				"assert-ok": {
					"version": "1.0.0",
					"resolved": "https://registry.npmjs.org/assert-ok/-/assert-ok-1.0.0.tgz",
					"integrity": "sha1-W1z3lfknXFnHFNZsOgbX3nDkPsg="
				},
				"call-all-fns": {
					"version": "1.0.1",
					"resolved": "https://registry.npmjs.org/call-all-fns/-/call-all-fns-1.0.1.tgz",
					"integrity": "sha512-F7SOzeCfBzHdeYUkxwSMPwgFCTjzj2zEMGio+OyQr0x6HWOBeBfLYhh7iOo8X1HCe8gVYxoaswgq7KPLJK8nyQ=="
				},
				"cuid": {
					"version": "2.0.2",
					"resolved": "https://registry.npmjs.org/cuid/-/cuid-2.0.2.tgz",
					"integrity": "sha512-dzz/KESlvSRPnAoThLqxHGfW94rtPYrHpQ8OpT5WwfJVlhysPw1U989+3fHrn/FdtuMrFW5dzOVR/CAb90RbNw=="
				},
				"dom-walk": {
					"version": "0.1.1",
					"resolved": "https://registry.npmjs.org/dom-walk/-/dom-walk-0.1.1.tgz",
					"integrity": "sha1-ZyIm3HTI95mtNTB9+TaroRrNYBg="
				},
				"dot-prop": {
					"version": "2.4.0",
					"resolved": "https://registry.npmjs.org/dot-prop/-/dot-prop-2.4.0.tgz",
					"integrity": "sha1-hI4o9/HVB0DGdHqzywdnBGK2+Jw=",
					"requires": {
						"is-obj": "^1.0.0"
					}
				},
				"ear": {
					"version": "1.0.1",
					"resolved": "https://registry.npmjs.org/ear/-/ear-1.0.1.tgz",
					"integrity": "sha1-kAUKQ1Du4X/a+0WbLildZT53Ov0=",
					"requires": {
						"assert-function": "~1.0.0"
					}
				},
				"global": {
					"version": "4.3.2",
					"resolved": "https://registry.npmjs.org/global/-/global-4.3.2.tgz",
					"integrity": "sha1-52mJJopsdMOJCLEwWxD8DjlOnQ8=",
					"requires": {
						"min-document": "^2.19.0",
						"process": "~0.5.1"
					}
				},
				"is-number": {
					"version": "0.1.1",
					"resolved": "https://registry.npmjs.org/is-number/-/is-number-0.1.1.tgz",
					"integrity": "sha1-aaevEWlj1HIG7JvZtIoUIW8eOAY="
				},
				"isarray": {
					"version": "0.0.1",
					"resolved": "https://registry.npmjs.org/isarray/-/isarray-0.0.1.tgz",
					"integrity": "sha1-ihis/Kmo9Bd+Cav8YDiTmwXR7t8="
				},
				"isobject": {
					"version": "2.0.0",
					"resolved": "https://registry.npmjs.org/isobject/-/isobject-2.0.0.tgz",
					"integrity": "sha1-II3ocr1zeMKpKvlCij9W65GhIsQ=",
					"requires": {
						"isarray": "0.0.1"
					}
				},
				"lazy-async": {
					"version": "1.0.1",
					"resolved": "https://registry.npmjs.org/lazy-async/-/lazy-async-1.0.1.tgz",
					"integrity": "sha1-UqKVSmBVexOw0qyR2yYcxjMaphM=",
					"requires": {
						"array-last": "~1.0.2",
						"assert-equal": "~1.0.0",
						"assert-ok": "~1.0.0",
						"call-all-fns": "~1.0.0",
						"dezalgo": "~1.0.3",
						"dot-prop": "~2.4.0",
						"to-array": "~0.1.4"
					}
				},
				"load-script": {
					"version": "1.0.0",
					"resolved": "https://registry.npmjs.org/load-script/-/load-script-1.0.0.tgz",
					"integrity": "sha1-BJGTngvuVkPuSUp+PaPSuscMbKQ="
				},
				"load-script-global": {
					"version": "1.0.3",
					"resolved": "https://registry.npmjs.org/load-script-global/-/load-script-global-1.0.3.tgz",
					"integrity": "sha512-aBzXvLdGzh5eacYSyENi/LyjnBBG6rOAC5zIVVukZAiRYpRKmMWf237QwZZoGjy4H/fmQvJ8tRJbiTqBvEB7yw==",
					"requires": {
						"assert-ok": "~1.0.0",
						"cuid": "~2.0.2",
						"dezalgo": "~1.0.3",
						"ear": "~1.0.1",
						"global": "~4.3.0",
						"load-script": "~1.0.0",
						"query-extend": "~0.2.0",
						"xtend": "~4.0.1"
					}
				},
				"min-document": {
					"version": "2.19.0",
					"resolved": "https://registry.npmjs.org/min-document/-/min-document-2.19.0.tgz",
					"integrity": "sha1-e9KC4/WELtKVu3SM3Z8f+iyCRoU=",
					"requires": {
						"dom-walk": "^0.1.0"
					}
				},
				"pff": {
					"version": "1.0.0",
					"resolved": "https://registry.npmjs.org/pff/-/pff-1.0.0.tgz",
					"integrity": "sha1-6l8J7mVxyuKSp4/CgJBaOGVmjng="
				},
				"print-value": {
					"version": "1.0.0",
					"resolved": "https://registry.npmjs.org/print-value/-/print-value-1.0.0.tgz",
					"integrity": "sha1-VbOjouxNCmElJXBwcAylgsS4634=",
					"requires": {
						"isobject": "~2.0.0",
						"json-stringify-safe": "~5.0.1"
					}
				},
				"process": {
					"version": "0.5.2",
					"resolved": "https://registry.npmjs.org/process/-/process-0.5.2.tgz",
					"integrity": "sha1-FjjYqONML0QKkduVq5rrZ3/Bhc8="
				},
				"query-extend": {
					"version": "0.2.0",
					"resolved": "https://registry.npmjs.org/query-extend/-/query-extend-0.2.0.tgz",
					"integrity": "sha1-6xL04zytrhRzlrhA/Wi2XDnM+VQ="
				},
				"simple-format": {
					"version": "1.0.0",
					"resolved": "https://registry.npmjs.org/simple-format/-/simple-format-1.0.0.tgz",
					"integrity": "sha1-SxIQc1tzZVnEErz1LZdKaLaJxA4=",
					"requires": {
						"pff": "~1.0.0",
						"to-array": "~0.1.4"
					}
				},
				"to-array": {
					"version": "0.1.4",
					"resolved": "https://registry.npmjs.org/to-array/-/to-array-0.1.4.tgz",
					"integrity": "sha1-F+bBH3PdTz10zaek/zI46a2b+JA="
				},
				"xtend": {
					"version": "4.0.1",
					"resolved": "https://registry.npmjs.org/xtend/-/xtend-4.0.1.tgz",
					"integrity": "sha1-pcbVMr5lbiPbgg77lDofBJmNY68="
				}
			}
		},
		"wrappy": {
			"version": "1.0.2",
			"resolved": "https://registry.npmjs.org/wrappy/-/wrappy-1.0.2.tgz",
			"integrity": "sha1-tSQ9jz7BqjXxNkYFvA0QNuMKtp8="
		}
	}
}
