{
	"name": "application",
	"version": "0.1.0",
	"lockfileVersion": 1,
	"requires": true,
	"dependencies": {
		"glipdown": {
			"version": "0.0.54",
			"resolved": "https://registry.npmjs.org/glipdown/-/glipdown-0.0.54.tgz",
			"integrity": "sha512-DNBqpWG8BD61dAJDTvjpdBuLVW5NiKG5yq7cRM0i6S+02qEOJgh5tkwrq3UlED0RLa6ih3ps5do9Jk4FX2FFhQ==",
			"requires": {
				"underscore": "1.5.x"
			}
		},
		"underscore": {
			"version": "1.5.2",
			"resolved": "https://registry.npmjs.org/underscore/-/underscore-1.5.2.tgz",
			"integrity": "sha1-EzXF5PXm0zu7SwBrqMhqAPVW3gg="
		}
	}
}
