{
	"name": "shield",
	"version": "1.7.0",
	"lockfileVersion": 1,
	"requires": true,
	"dependencies": {
		"@types/react": {
			"version": "16.8.22",
			"resolved": "https://registry.npmjs.org/@types/react/-/react-16.8.22.tgz",
			"integrity": "sha512-C3O1yVqk4sUXqWyx0wlys76eQfhrQhiDhDlHBrjER76lR2S2Agiid/KpOU9oCqj1dISStscz7xXz1Cg8+sCQeA==",
			"dev": true,
			"requires": {
				"@types/prop-types": "*",
				"csstype": "^2.2.0"
			},
			"dependencies": {
				"@types/prop-types": {
					"version": "15.7.1",
					"resolved": "https://registry.npmjs.org/@types/prop-types/-/prop-types-15.7.1.tgz",
					"integrity": "sha512-CFzn9idOEpHrgdw8JsoTkaDDyRWk1jrzIV8djzcgpq0y9tG4B4lFT+Nxh52DVpDXV+n4+NPNv7M1Dj5uMp6XFg==",
					"dev": true
				},
				"csstype": {
					"version": "2.6.6",
					"resolved": "https://registry.npmjs.org/csstype/-/csstype-2.6.6.tgz",
					"integrity": "sha512-RpFbQGUE74iyPgvr46U9t1xoQBM8T4BL8SxrN66Le2xYAPSaDJJKeztV3awugusb3g3G9iL8StmkBBXhcbbXhg==",
					"dev": true
				}
			}
		},
		"reflect-metadata": {
			"version": "0.1.13",
			"resolved": "https://registry.npmjs.org/reflect-metadata/-/reflect-metadata-0.1.13.tgz",
			"integrity": "sha512-Ts1Y/anZELhSsjMcU605fU9RE4Oi3p5ORujwbIKXfWa+0Zxs510Qrmrce5/Jowq3cHSZSJqBjypxmHarc+vEWg==",
			"dev": true
		}
	}
}
