{
  "name": "foundation",
  "version": "0.1.0",
  "lockfileVersion": 1,
  "requires": true,
  "dependencies": {
    "@types/js-base64": {
      "version": "2.3.1",
      "resolved": "https://registry.npmjs.org/@types/js-base64/-/js-base64-2.3.1.tgz",
      "integrity": "sha512-4RKbhIDGC87s4EBy2Cp2/5S2O6kmCRcZnD5KRCq1q9z2GhBte1+BdsfVKCpG8yKpDGNyEE2G6IqFIh6W2YwWPA==",
      "dev": true
    }
  }
}
